
Microsoft Visual Studio Solution File, Format Version 12.00
# Visual Studio Version 17
VisualStudioVersion = 17.6.33723.286
MinimumVisualStudioVersion = 10.0.40219.1
Project("{9A19103F-16F7-4668-BE54-9A1E7A4F7556}") = "Api", "src\Api\Api.csproj", "{AF1A4D5B-2865-4D3B-BCBA-8029C31810E8}"
EndProject
Project("{2150E333-8FDC-42A3-9474-1A3956D46DE8}") = "src", "src", "{9B89D99E-F0B8-44EC-8D38-11C3E7819808}"
EndProject
Project("{9A19103F-16F7-4668-BE54-9A1E7A4F7556}") = "Domain", "src\Dominio\Domain.csproj", "{ECAAD6DB-3F84-436A-9A90-3E5D507FFEE1}"
EndProject
Project("{9A19103F-16F7-4668-BE54-9A1E7A4F7556}") = "Infraestructura", "src\Infraestructura\Infraestructura.csproj", "{57E0CC95-F10E-4BA0-B55E-1A73AA94E1A3}"
EndProject
Project("{9A19103F-16F7-4668-BE54-9A1E7A4F7556}") = "Application", "src\Application\Application.csproj", "{0C8E5D7C-7E57-42C2-892E-7493438E9644}"
EndProject
Global
	GlobalSection(SolutionConfigurationPlatforms) = preSolution
		Debug|Any CPU = Debug|Any CPU
		Release|Any CPU = Release|Any CPU
	EndGlobalSection
	GlobalSection(ProjectConfigurationPlatforms) = postSolution
		{AF1A4D5B-2865-4D3B-BCBA-8029C31810E8}.Debug|Any CPU.ActiveCfg = Debug|Any CPU
		{AF1A4D5B-2865-4D3B-BCBA-8029C31810E8}.Debug|Any CPU.Build.0 = Debug|Any CPU
		{AF1A4D5B-2865-4D3B-BCBA-8029C31810E8}.Release|Any CPU.ActiveCfg = Release|Any CPU
		{AF1A4D5B-2865-4D3B-BCBA-8029C31810E8}.Release|Any CPU.Build.0 = Release|Any CPU
		{ECAAD6DB-3F84-436A-9A90-3E5D507FFEE1}.Debug|Any CPU.ActiveCfg = Debug|Any CPU
		{ECAAD6DB-3F84-436A-9A90-3E5D507FFEE1}.Debug|Any CPU.Build.0 = Debug|Any CPU
		{ECAAD6DB-3F84-436A-9A90-3E5D507FFEE1}.Release|Any CPU.ActiveCfg = Release|Any CPU
		{ECAAD6DB-3F84-436A-9A90-3E5D507FFEE1}.Release|Any CPU.Build.0 = Release|Any CPU
		{57E0CC95-F10E-4BA0-B55E-1A73AA94E1A3}.Debug|Any CPU.ActiveCfg = Debug|Any CPU
		{57E0CC95-F10E-4BA0-B55E-1A73AA94E1A3}.Debug|Any CPU.Build.0 = Debug|Any CPU
		{57E0CC95-F10E-4BA0-B55E-1A73AA94E1A3}.Release|Any CPU.ActiveCfg = Release|Any CPU
		{57E0CC95-F10E-4BA0-B55E-1A73AA94E1A3}.Release|Any CPU.Build.0 = Release|Any CPU
		{0C8E5D7C-7E57-42C2-892E-7493438E9644}.Debug|Any CPU.ActiveCfg = Debug|Any CPU
		{0C8E5D7C-7E57-42C2-892E-7493438E9644}.Debug|Any CPU.Build.0 = Debug|Any CPU
		{0C8E5D7C-7E57-42C2-892E-7493438E9644}.Release|Any CPU.ActiveCfg = Release|Any CPU
		{0C8E5D7C-7E57-42C2-892E-7493438E9644}.Release|Any CPU.Build.0 = Release|Any CPU
	EndGlobalSection
	GlobalSection(SolutionProperties) = preSolution
		HideSolutionNode = FALSE
	EndGlobalSection
	GlobalSection(NestedProjects) = preSolution
		{AF1A4D5B-2865-4D3B-BCBA-8029C31810E8} = {9B89D99E-F0B8-44EC-8D38-11C3E7819808}
		{ECAAD6DB-3F84-436A-9A90-3E5D507FFEE1} = {9B89D99E-F0B8-44EC-8D38-11C3E7819808}
		{57E0CC95-F10E-4BA0-B55E-1A73AA94E1A3} = {9B89D99E-F0B8-44EC-8D38-11C3E7819808}
		{0C8E5D7C-7E57-42C2-892E-7493438E9644} = {9B89D99E-F0B8-44EC-8D38-11C3E7819808}
	EndGlobalSection
	GlobalSection(ExtensibilityGlobals) = postSolution
		SolutionGuid = {84E8DF6D-2103-49AB-BFAA-F27C43A3788D}
	EndGlobalSection
EndGlobal
